{
  "name": "tasks-pack-smoke",
  "lockfileVersion": 3,
  "requires": true,
  "packages": {
    "": {
      "name": "tasks-pack-smoke",
      "dependencies": {
        "@trebired/logger-adapter": "file:/home/mirmachynka/projects/serious/npm/tasks/node_modules/@trebired/logger-adapter",
        "@trebired/tasks": "file:/home/mirmachynka/projects/serious/npm/tasks/trebired-tasks-0.2.1.tgz"
      },
      "devDependencies": {
        "@types/node": "file:/home/mirmachynka/projects/serious/npm/tasks/node_modules/@types/node"
      }
    },
    "../../../node_modules/@trebired/logger-adapter": {
      "version": "0.2.0",
      "license": "MIT",
      "devDependencies": {
        "@types/bun": "^1.3.4",
        "@types/node": "^24.10.1",
        "typescript": "^6.0.2"
      },
      "engines": {
        "bun": ">=1.0.0",
        "node": ">=18"
      }
    },
    "../../../node_modules/@types/node": {
      "version": "24.13.2",
      "dev": true,
      "license": "MIT",
      "dependencies": {
        "undici-types": "~7.18.0"
      }
    },
    "node_modules/@trebired/logger-adapter": {
      "resolved": "../../../node_modules/@trebired/logger-adapter",
      "link": true
    },
    "node_modules/@trebired/tasks": {
      "version": "0.2.1",
      "resolved": "file:../../../trebired-tasks-0.2.1.tgz",
      "integrity": "sha512-2xVsMMUsU3uDjfwyS/AKGCq8hB11DclUZklHp7kI0yQJJX+fyCD9HuveAi/zfm9B92B+Ubu3eNUL7kXbEQV+kw==",
      "license": "MIT",
      "dependencies": {
        "@trebired/logger-adapter": "^0.2.0"
      },
      "engines": {
        "bun": ">=1.0.0",
        "node": ">=18"
      }
    },
    "node_modules/@types/node": {
      "resolved": "../../../node_modules/@types/node",
      "link": true
    }
  }
}
